
Microsoft Visual Studio Solution File, Format Version 12.00
# Visual Studio 2012
Project("{FAE04EC0-301F-11D3-BF4B-00C04F79EFBC}") = "TestOne", "TestOne\TestOne.csproj", "{1F083AD3-F63A-4158-AEE3-E1D24F6EE9F6}"
EndProject
Project("{FAE04EC0-301F-11D3-BF4B-00C04F79EFBC}") = "TestTwo", "TestTwo\TestTwo.csproj", "{575AC7D5-7B04-4564-9DE8-61AA4A294462}"
EndProject
Project("{FAE04EC0-301F-11D3-BF4B-00C04F79EFBC}") = "TestThere", "TestThere\TestThere.csproj", "{80BF6619-5523-4A35-A553-1BD8558C4CB2}"
EndProject
Project("{FAE04EC0-301F-11D3-BF4B-00C04F79EFBC}") = "Test", "Test\Test.csproj", "{361581FE-C81A-4A67-B2C4-EF462833F0EA}"
EndProject
Project("{FAE04EC0-301F-11D3-BF4B-00C04F79EFBC}") = "jd04", "jd04\jd04.csproj", "{79A7E6EE-D110-4B9B-AA12-B80A2BE9C55F}"
EndProject
Project("{FAE04EC0-301F-11D3-BF4B-00C04F79EFBC}") = "jd05", "jd05\jd05.csproj", "{197BB241-8FFB-48DC-BABC-0B1BAFF94C07}"
EndProject
Project("{FAE04EC0-301F-11D3-BF4B-00C04F79EFBC}") = "ConsoleApplication1", "ConsoleApplication1\ConsoleApplication1.csproj", "{5E5D6D38-58A3-4AFE-B0A9-4D231B00DBE3}"
EndProject
Global
	GlobalSection(SolutionConfigurationPlatforms) = preSolution
		Debug|Any CPU = Debug|Any CPU
		Release|Any CPU = Release|Any CPU
	EndGlobalSection
	GlobalSection(ProjectConfigurationPlatforms) = postSolution
		{1F083AD3-F63A-4158-AEE3-E1D24F6EE9F6}.Debug|Any CPU.ActiveCfg = Debug|Any CPU
		{1F083AD3-F63A-4158-AEE3-E1D24F6EE9F6}.Debug|Any CPU.Build.0 = Debug|Any CPU
		{1F083AD3-F63A-4158-AEE3-E1D24F6EE9F6}.Release|Any CPU.ActiveCfg = Release|Any CPU
		{1F083AD3-F63A-4158-AEE3-E1D24F6EE9F6}.Release|Any CPU.Build.0 = Release|Any CPU
		{575AC7D5-7B04-4564-9DE8-61AA4A294462}.Debug|Any CPU.ActiveCfg = Debug|Any CPU
		{575AC7D5-7B04-4564-9DE8-61AA4A294462}.Debug|Any CPU.Build.0 = Debug|Any CPU
		{575AC7D5-7B04-4564-9DE8-61AA4A294462}.Release|Any CPU.ActiveCfg = Release|Any CPU
		{575AC7D5-7B04-4564-9DE8-61AA4A294462}.Release|Any CPU.Build.0 = Release|Any CPU
		{80BF6619-5523-4A35-A553-1BD8558C4CB2}.Debug|Any CPU.ActiveCfg = Debug|Any CPU
		{80BF6619-5523-4A35-A553-1BD8558C4CB2}.Debug|Any CPU.Build.0 = Debug|Any CPU
		{80BF6619-5523-4A35-A553-1BD8558C4CB2}.Release|Any CPU.ActiveCfg = Release|Any CPU
		{80BF6619-5523-4A35-A553-1BD8558C4CB2}.Release|Any CPU.Build.0 = Release|Any CPU
		{361581FE-C81A-4A67-B2C4-EF462833F0EA}.Debug|Any CPU.ActiveCfg = Debug|Any CPU
		{361581FE-C81A-4A67-B2C4-EF462833F0EA}.Debug|Any CPU.Build.0 = Debug|Any CPU
		{361581FE-C81A-4A67-B2C4-EF462833F0EA}.Release|Any CPU.ActiveCfg = Release|Any CPU
		{361581FE-C81A-4A67-B2C4-EF462833F0EA}.Release|Any CPU.Build.0 = Release|Any CPU
		{79A7E6EE-D110-4B9B-AA12-B80A2BE9C55F}.Debug|Any CPU.ActiveCfg = Debug|Any CPU
		{79A7E6EE-D110-4B9B-AA12-B80A2BE9C55F}.Debug|Any CPU.Build.0 = Debug|Any CPU
		{79A7E6EE-D110-4B9B-AA12-B80A2BE9C55F}.Release|Any CPU.ActiveCfg = Release|Any CPU
		{79A7E6EE-D110-4B9B-AA12-B80A2BE9C55F}.Release|Any CPU.Build.0 = Release|Any CPU
		{197BB241-8FFB-48DC-BABC-0B1BAFF94C07}.Debug|Any CPU.ActiveCfg = Debug|Any CPU
		{197BB241-8FFB-48DC-BABC-0B1BAFF94C07}.Debug|Any CPU.Build.0 = Debug|Any CPU
		{197BB241-8FFB-48DC-BABC-0B1BAFF94C07}.Release|Any CPU.ActiveCfg = Release|Any CPU
		{197BB241-8FFB-48DC-BABC-0B1BAFF94C07}.Release|Any CPU.Build.0 = Release|Any CPU
		{5E5D6D38-58A3-4AFE-B0A9-4D231B00DBE3}.Debug|Any CPU.ActiveCfg = Debug|Any CPU
		{5E5D6D38-58A3-4AFE-B0A9-4D231B00DBE3}.Debug|Any CPU.Build.0 = Debug|Any CPU
		{5E5D6D38-58A3-4AFE-B0A9-4D231B00DBE3}.Release|Any CPU.ActiveCfg = Release|Any CPU
		{5E5D6D38-58A3-4AFE-B0A9-4D231B00DBE3}.Release|Any CPU.Build.0 = Release|Any CPU
	EndGlobalSection
	GlobalSection(SolutionProperties) = preSolution
		HideSolutionNode = FALSE
	EndGlobalSection
EndGlobal
